
Microsoft Visual Studio Solution File, Format Version 12.00
# Visual Studio 15
VisualStudioVersion = 15.0.28307.136
MinimumVisualStudioVersion = 10.0.40219.1
Project("{FAE04EC0-301F-11D3-BF4B-00C04F79EFBC}") = "WebApiDemo", "WebApiDemo\WebApiDemo.csproj", "{9BD6C509-02DA-4DB9-8CDC-D5BC90ED9948}"
EndProject
Global
	GlobalSection(SolutionConfigurationPlatforms) = preSolution
		Debug|Any CPU = Debug|Any CPU
		Release|Any CPU = Release|Any CPU
	EndGlobalSection
	GlobalSection(ProjectConfigurationPlatforms) = postSolution
		{9BD6C509-02DA-4DB9-8CDC-D5BC90ED9948}.Debug|Any CPU.ActiveCfg = Debug|Any CPU
		{9BD6C509-02DA-4DB9-8CDC-D5BC90ED9948}.Debug|Any CPU.Build.0 = Debug|Any CPU
		{9BD6C509-02DA-4DB9-8CDC-D5BC90ED9948}.Release|Any CPU.ActiveCfg = Release|Any CPU
		{9BD6C509-02DA-4DB9-8CDC-D5BC90ED9948}.Release|Any CPU.Build.0 = Release|Any CPU
	EndGlobalSection
	GlobalSection(SolutionProperties) = preSolution
		HideSolutionNode = FALSE
	EndGlobalSection
	GlobalSection(ExtensibilityGlobals) = postSolution
		SolutionGuid = {463FB81E-60EA-4119-857D-32A76CB00D61}
	EndGlobalSection
EndGlobal
